
Microsoft Visual Studio Solution File, Format Version 12.00
# Visual Studio 2013
VisualStudioVersion = 12.0.30501.0
MinimumVisualStudioVersion = 10.0.40219.1
Project("{FAE04EC0-301F-11D3-BF4B-00C04F79EFBC}") = "Helper", "Helper\Helper.csproj", "{F06F03BC-BD73-4DAF-94B8-1B40957F1F61}"
EndProject
Project("{2150E333-8FDC-42A3-9474-1A3956D46DE8}") = "Nuget", "Nuget", "{98CCB753-5C3F-4360-A04E-6374FEC2E9E7}"
	ProjectSection(SolutionItems) = preProject
		Nuget\Helper.nuspec = Nuget\Helper.nuspec
	EndProjectSection
EndProject
Global
	GlobalSection(SolutionConfigurationPlatforms) = preSolution
		Debug|Any CPU = Debug|Any CPU
		Release|Any CPU = Release|Any CPU
	EndGlobalSection
	GlobalSection(ProjectConfigurationPlatforms) = postSolution
		{F06F03BC-BD73-4DAF-94B8-1B40957F1F61}.Debug|Any CPU.ActiveCfg = Debug|Any CPU
		{F06F03BC-BD73-4DAF-94B8-1B40957F1F61}.Debug|Any CPU.Build.0 = Debug|Any CPU
		{F06F03BC-BD73-4DAF-94B8-1B40957F1F61}.Release|Any CPU.ActiveCfg = Release|Any CPU
		{F06F03BC-BD73-4DAF-94B8-1B40957F1F61}.Release|Any CPU.Build.0 = Release|Any CPU
	EndGlobalSection
	GlobalSection(SolutionProperties) = preSolution
		HideSolutionNode = FALSE
	EndGlobalSection
EndGlobal
